
Microsoft Visual Studio Solution File, Format Version 12.00
# Visual Studio Version 17
VisualStudioVersion = 17.4.33403.182
MinimumVisualStudioVersion = 10.0.40219.1
Project("{FAE04EC0-301F-11D3-BF4B-00C04F79EFBC}") = "Bloggen", "Bloggen\Bloggen.csproj", "{BE65B018-B4B5-436F-BC12-7AFE696BA686}"
EndProject
Global
	GlobalSection(SolutionConfigurationPlatforms) = preSolution
		Debug|Any CPU = Debug|Any CPU
		Release|Any CPU = Release|Any CPU
	EndGlobalSection
	GlobalSection(ProjectConfigurationPlatforms) = postSolution
		{BE65B018-B4B5-436F-BC12-7AFE696BA686}.Debug|Any CPU.ActiveCfg = Debug|Any CPU
		{BE65B018-B4B5-436F-BC12-7AFE696BA686}.Debug|Any CPU.Build.0 = Debug|Any CPU
		{BE65B018-B4B5-436F-BC12-7AFE696BA686}.Release|Any CPU.ActiveCfg = Release|Any CPU
		{BE65B018-B4B5-436F-BC12-7AFE696BA686}.Release|Any CPU.Build.0 = Release|Any CPU
	EndGlobalSection
	GlobalSection(SolutionProperties) = preSolution
		HideSolutionNode = FALSE
	EndGlobalSection
	GlobalSection(ExtensibilityGlobals) = postSolution
		SolutionGuid = {75D8BF66-159B-4BD0-8370-8B08BCC2D6AE}
	EndGlobalSection
EndGlobal
